{
  "name": "teochew-people-skill",
  "version": "0.1.1",
  "lockfileVersion": 3,
  "requires": true,
  "packages": {
    "": {
      "name": "teochew-people-skill",
      "version": "0.1.1",
      "license": "MIT",
      "bin": {
        "teochew-people-skill": "scripts/install-skill.mjs"
      },
      "engines": {
        "node": ">=18"
      }
    }
  }
}
